{
    "_readme": [
        "This file locks the dependencies of your project to a known state",
        "Read more about it at https://getcomposer.org/doc/01-basic-usage.md#composer-lock-the-lock-file",
        "This file is @generated automatically"
    ],
    "hash": "70426d7dc052db787223043451c8677c",
    "content-hash": "95854dca1e26d6b6611c7c61328c396d",
    "packages": [
        {
            "name": "j4mie/idiorm",
            "version": "v1.5.1",
            "source": {
                "type": "git",
                "url": "https://github.com/j4mie/idiorm.git",
                "reference": "b0922d8719a94e3a0e0e4a0ca3876f4f91475dcf"
            },
            "dist": {
                "type": "zip",
                "url": "https://api.github.com/repos/j4mie/idiorm/zipball/b0922d8719a94e3a0e0e4a0ca3876f4f91475dcf",
                "reference": "b0922d8719a94e3a0e0e4a0ca3876f4f91475dcf",
                "shasum": ""
            },
            "require": {
                "php": ">=5.2.0"
            },
            "type": "library",
            "autoload": {
                "classmap": [
                    "idiorm.php"
                ]
            },
            "notification-url": "https://packagist.org/downloads/",
            "license": [
                "BSD-2-Clause",
                "BSD-3-Clause",
                "BSD-4-Clause"
            ],
            "authors": [
                {
                    "name": "Simon Holywell",
                    "email": "treffynnon@php.net",
                    "homepage": "http://simonholywell.com",
                    "role": "Maintainer"
                },
                {
                    "name": "Jamie Matthews",
                    "email": "jamie.matthews@gmail.com",
                    "homepage": "http://j4mie.org",
                    "role": "Developer"
                },
                {
                    "name": "Durham Hale",
                    "email": "me@durhamhale.com",
                    "homepage": "http://durhamhale.com",
                    "role": "Maintainer"
                }
            ],
            "description": "A lightweight nearly-zero-configuration object-relational mapper and fluent query builder for PHP5",
            "homepage": "http://j4mie.github.com/idiormandparis",
            "keywords": [
                "idiorm",
                "orm",
                "query builder"
            ],
            "time": "2014-06-23 13:08:57"
        },
        {
            "name": "j4mie/paris",
            "version": "v1.5.4",
            "source": {
                "type": "git",
                "url": "https://github.com/j4mie/paris.git",
                "reference": "6cd7a3d8ffb721068dd58e508a8121b92b4068b8"
            },
            "dist": {
                "type": "zip",
                "url": "https://api.github.com/repos/j4mie/paris/zipball/6cd7a3d8ffb721068dd58e508a8121b92b4068b8",
                "reference": "6cd7a3d8ffb721068dd58e508a8121b92b4068b8",
                "shasum": ""
            },
            "require": {
                "j4mie/idiorm": "1.5.*",
                "php": ">=5.2.0"
            },
            "type": "library",
            "autoload": {
                "classmap": [
                    "paris.php"
                ]
            },
            "notification-url": "https://packagist.org/downloads/",
            "license": [
                "BSD-2-Clause",
                "BSD-3-Clause",
                "BSD-4-Clause"
            ],
            "authors": [
                {
                    "name": "Simon Holywell",
                    "email": "treffynnon@php.net",
                    "homepage": "http://simonholywell.com",
                    "role": "Maintainer"
                },
                {
                    "name": "Jamie Matthews",
                    "email": "jamie.matthews@gmail.com",
                    "homepage": "http://j4mie.org",
                    "role": "Developer"
                },
                {
                    "name": "Durham Hale",
                    "email": "me@durhamhale.com",
                    "homepage": "http://durhamhale.com",
                    "role": "Maintainer"
                }
            ],
            "description": "A lightweight Active Record implementation for PHP5, built on top of Idiorm",
            "homepage": "http://j4mie.github.com/idiormandparis",
            "keywords": [
                "Active Record",
                "model",
                "orm",
                "paris"
            ],
            "time": "2014-09-23 10:49:36"
        },
        {
            "name": "slim/extras",
            "version": "2.0.3",
            "target-dir": "Slim/Extras",
            "source": {
                "type": "git",
                "url": "https://github.com/codeguy/Slim-Extras.git",
                "reference": "2.0.3"
            },
            "dist": {
                "type": "zip",
                "url": "https://api.github.com/repos/codeguy/Slim-Extras/zipball/a022ed23dae94e164000acd891e3394d903f9623",
                "reference": "2.0.3",
                "shasum": ""
            },
            "require": {
                "php": ">=5.3.0",
                "slim/slim": ">=2.0.0"
            },
            "type": "library",
            "autoload": {
                "psr-0": {
                    "Twig_Extensions_": "Views/Extension/",
                    "Slim\\Extras": "."
                }
            },
            "notification-url": "https://packagist.org/downloads/",
            "license": [
                "MIT"
            ],
            "authors": [
                {
                    "name": "Andrew Smith",
                    "email": "a.smith@silentworks.co.uk",
                    "homepage": "http://www.silentworks.co.uk/"
                },
                {
                    "name": "Josh Lockhart",
                    "email": "info@joshlockhart.com",
                    "homepage": "http://www.joshlockhart.com/"
                }
            ],
            "description": "Extras package for the Slim Framework",
            "homepage": "http://github.com/codeguy/Slim-Extras",
            "keywords": [
                "extensions",
                "middleware",
                "templating"
            ],
            "time": "2013-01-07 17:56:10"
        },
        {
            "name": "slim/slim",
            "version": "2.6.2",
            "source": {
                "type": "git",
                "url": "https://github.com/slimphp/Slim.git",
                "reference": "20a02782f76830b67ae56a5c08eb1f563c351a37"
            },
            "dist": {
                "type": "zip",
                "url": "https://api.github.com/repos/slimphp/Slim/zipball/20a02782f76830b67ae56a5c08eb1f563c351a37",
                "reference": "20a02782f76830b67ae56a5c08eb1f563c351a37",
                "shasum": ""
            },
            "require": {
                "php": ">=5.3.0"
            },
            "suggest": {
                "ext-mcrypt": "Required for HTTP cookie encryption"
            },
            "type": "library",
            "autoload": {
                "psr-0": {
                    "Slim": "."
                }
            },
            "notification-url": "https://packagist.org/downloads/",
            "license": [
                "MIT"
            ],
            "authors": [
                {
                    "name": "Josh Lockhart",
                    "email": "info@joshlockhart.com",
                    "homepage": "http://www.joshlockhart.com/"
                }
            ],
            "description": "Slim Framework, a PHP micro framework",
            "homepage": "http://github.com/codeguy/Slim",
            "keywords": [
                "microframework",
                "rest",
                "router"
            ],
            "time": "2015-03-08 18:41:17"
        },
        {
            "name": "slim/views",
            "version": "0.1.3",
            "source": {
                "type": "git",
                "url": "https://github.com/slimphp/Slim-Views.git",
                "reference": "8561c785e55a39df6cb6f95c3aba3281a60ed5b0"
            },
            "dist": {
                "type": "zip",
                "url": "https://api.github.com/repos/slimphp/Slim-Views/zipball/8561c785e55a39df6cb6f95c3aba3281a60ed5b0",
                "reference": "8561c785e55a39df6cb6f95c3aba3281a60ed5b0",
                "shasum": ""
            },
            "require": {
                "php": ">=5.3.0",
                "slim/slim": ">=2.4.0"
            },
            "suggest": {
                "smarty/smarty": "Smarty templating system",
                "twig/twig": "Twig templating system"
            },
            "type": "library",
            "autoload": {
                "psr-4": {
                    "Slim\\Views\\": "./"
                }
            },
            "notification-url": "https://packagist.org/downloads/",
            "license": [
                "MIT"
            ],
            "authors": [
                {
                    "name": "Josh Lockhart",
                    "email": "info@joshlockhart.com",
                    "homepage": "http://www.joshlockhart.com/"
                },
                {
                    "name": "Andrew Smith",
                    "email": "a.smith@silentworks.co.uk",
                    "homepage": "http://thoughts.silentworks.co.uk/"
                }
            ],
            "description": "Smarty and Twig View Parser package for the Slim Framework",
            "homepage": "http://github.com/codeguy/Slim-Views",
            "keywords": [
                "extensions",
                "slimphp",
                "templating"
            ],
            "time": "2014-12-09 23:48:51"
        },
        {
            "name": "symfony/config",
            "version": "v2.6.11",
            "target-dir": "Symfony/Component/Config",
            "source": {
                "type": "git",
                "url": "https://github.com/symfony/Config.git",
                "reference": "b5063937fab6fdfb7bacc00bc8c0cd7ee0c50070"
            },
            "dist": {
                "type": "zip",
                "url": "https://api.github.com/repos/symfony/Config/zipball/b5063937fab6fdfb7bacc00bc8c0cd7ee0c50070",
                "reference": "b5063937fab6fdfb7bacc00bc8c0cd7ee0c50070",
                "shasum": ""
            },
            "require": {
                "php": ">=5.3.3",
                "symfony/filesystem": "~2.3"
            },
            "require-dev": {
                "symfony/phpunit-bridge": "~2.7"
            },
            "type": "library",
            "extra": {
                "branch-alias": {
                    "dev-master": "2.6-dev"
                }
            },
            "autoload": {
                "psr-0": {
                    "Symfony\\Component\\Config\\": ""
                }
            },
            "notification-url": "https://packagist.org/downloads/",
            "license": [
                "MIT"
            ],
            "authors": [
                {
                    "name": "Fabien Potencier",
                    "email": "fabien@symfony.com"
                },
                {
                    "name": "Symfony Community",
                    "homepage": "https://symfony.com/contributors"
                }
            ],
            "description": "Symfony Config Component",
            "homepage": "https://symfony.com",
            "time": "2015-07-08 05:59:48"
        },
        {
            "name": "symfony/filesystem",
            "version": "v2.7.4",
            "source": {
                "type": "git",
                "url": "https://github.com/symfony/Filesystem.git",
                "reference": "f079e9933799929584200b9a926f72f29e291654"
            },
            "dist": {
                "type": "zip",
                "url": "https://api.github.com/repos/symfony/Filesystem/zipball/f079e9933799929584200b9a926f72f29e291654",
                "reference": "f079e9933799929584200b9a926f72f29e291654",
                "shasum": ""
            },
            "require": {
                "php": ">=5.3.9"
            },
            "require-dev": {
                "symfony/phpunit-bridge": "~2.7"
            },
            "type": "library",
            "extra": {
                "branch-alias": {
                    "dev-master": "2.7-dev"
                }
            },
            "autoload": {
                "psr-4": {
                    "Symfony\\Component\\Filesystem\\": ""
                }
            },
            "notification-url": "https://packagist.org/downloads/",
            "license": [
                "MIT"
            ],
            "authors": [
                {
                    "name": "Fabien Potencier",
                    "email": "fabien@symfony.com"
                },
                {
                    "name": "Symfony Community",
                    "homepage": "https://symfony.com/contributors"
                }
            ],
            "description": "Symfony Filesystem Component",
            "homepage": "https://symfony.com",
            "time": "2015-08-27 07:03:44"
        },
        {
            "name": "symfony/translation",
            "version": "v2.6.11",
            "target-dir": "Symfony/Component/Translation",
            "source": {
                "type": "git",
                "url": "https://github.com/symfony/Translation.git",
                "reference": "d84291215b5892834dd8ca8ee52f9cbdb8274904"
            },
            "dist": {
                "type": "zip",
                "url": "https://api.github.com/repos/symfony/Translation/zipball/d84291215b5892834dd8ca8ee52f9cbdb8274904",
                "reference": "d84291215b5892834dd8ca8ee52f9cbdb8274904",
                "shasum": ""
            },
            "require": {
                "php": ">=5.3.3"
            },
            "require-dev": {
                "psr/log": "~1.0",
                "symfony/config": "~2.3,>=2.3.12",
                "symfony/intl": "~2.3",
                "symfony/phpunit-bridge": "~2.7",
                "symfony/yaml": "~2.2"
            },
            "suggest": {
                "psr/log": "To use logging capability in translator",
                "symfony/config": "",
                "symfony/yaml": ""
            },
            "type": "library",
            "extra": {
                "branch-alias": {
                    "dev-master": "2.6-dev"
                }
            },
            "autoload": {
                "psr-0": {
                    "Symfony\\Component\\Translation\\": ""
                }
            },
            "notification-url": "https://packagist.org/downloads/",
            "license": [
                "MIT"
            ],
            "authors": [
                {
                    "name": "Fabien Potencier",
                    "email": "fabien@symfony.com"
                },
                {
                    "name": "Symfony Community",
                    "homepage": "https://symfony.com/contributors"
                }
            ],
            "description": "Symfony Translation Component",
            "homepage": "https://symfony.com",
            "time": "2015-07-08 05:59:48"
        },
        {
            "name": "symfony/twig-bridge",
            "version": "v2.6.11",
            "target-dir": "Symfony/Bridge/Twig",
            "source": {
                "type": "git",
                "url": "https://github.com/symfony/TwigBridge.git",
                "reference": "272b9dc0af1e70b77975c543d1917dd340c7201a"
            },
            "dist": {
                "type": "zip",
                "url": "https://api.github.com/repos/symfony/TwigBridge/zipball/272b9dc0af1e70b77975c543d1917dd340c7201a",
                "reference": "272b9dc0af1e70b77975c543d1917dd340c7201a",
                "shasum": ""
            },
            "require": {
                "php": ">=5.3.3",
                "twig/twig": "~1.13,>=1.13.1"
            },
            "require-dev": {
                "symfony/console": "~2.4",
                "symfony/expression-language": "~2.4",
                "symfony/finder": "~2.3",
                "symfony/form": "~2.6,>=2.6.10",
                "symfony/http-kernel": "~2.3",
                "symfony/intl": "~2.3",
                "symfony/phpunit-bridge": "~2.7",
                "symfony/routing": "~2.2",
                "symfony/security": "~2.4",
                "symfony/stopwatch": "~2.2",
                "symfony/templating": "~2.1",
                "symfony/translation": "~2.2",
                "symfony/var-dumper": "~2.6",
                "symfony/yaml": "~2.0,>=2.0.5"
            },
            "suggest": {
                "symfony/expression-language": "For using the ExpressionExtension",
                "symfony/finder": "",
                "symfony/form": "For using the FormExtension",
                "symfony/http-kernel": "For using the HttpKernelExtension",
                "symfony/routing": "For using the RoutingExtension",
                "symfony/security": "For using the SecurityExtension",
                "symfony/stopwatch": "For using the StopwatchExtension",
                "symfony/templating": "For using the TwigEngine",
                "symfony/translation": "For using the TranslationExtension",
                "symfony/var-dumper": "For using the DumpExtension",
                "symfony/yaml": "For using the YamlExtension"
            },
            "type": "symfony-bridge",
            "extra": {
                "branch-alias": {
                    "dev-master": "2.6-dev"
                }
            },
            "autoload": {
                "psr-0": {
                    "Symfony\\Bridge\\Twig\\": ""
                }
            },
            "notification-url": "https://packagist.org/downloads/",
            "license": [
                "MIT"
            ],
            "authors": [
                {
                    "name": "Fabien Potencier",
                    "email": "fabien@symfony.com"
                },
                {
                    "name": "Symfony Community",
                    "homepage": "https://symfony.com/contributors"
                }
            ],
            "description": "Symfony Twig Bridge",
            "homepage": "https://symfony.com",
            "time": "2015-07-22 10:08:40"
        },
        {
            "name": "symfony/yaml",
            "version": "v2.6.11",
            "target-dir": "Symfony/Component/Yaml",
            "source": {
                "type": "git",
                "url": "https://github.com/symfony/Yaml.git",
                "reference": "c044d1744b8e91aaaa0d9bac683ab87ec7cbf359"
            },
            "dist": {
                "type": "zip",
                "url": "https://api.github.com/repos/symfony/Yaml/zipball/c044d1744b8e91aaaa0d9bac683ab87ec7cbf359",
                "reference": "c044d1744b8e91aaaa0d9bac683ab87ec7cbf359",
                "shasum": ""
            },
            "require": {
                "php": ">=5.3.3"
            },
            "require-dev": {
                "symfony/phpunit-bridge": "~2.7"
            },
            "type": "library",
            "extra": {
                "branch-alias": {
                    "dev-master": "2.6-dev"
                }
            },
            "autoload": {
                "psr-0": {
                    "Symfony\\Component\\Yaml\\": ""
                }
            },
            "notification-url": "https://packagist.org/downloads/",
            "license": [
                "MIT"
            ],
            "authors": [
                {
                    "name": "Fabien Potencier",
                    "email": "fabien@symfony.com"
                },
                {
                    "name": "Symfony Community",
                    "homepage": "https://symfony.com/contributors"
                }
            ],
            "description": "Symfony Yaml Component",
            "homepage": "https://symfony.com",
            "time": "2015-07-26 08:59:42"
        },
        {
            "name": "twig/twig",
            "version": "v1.18.2",
            "source": {
                "type": "git",
                "url": "https://github.com/twigphp/Twig.git",
                "reference": "e8e6575abf6102af53ec283f7f14b89e304fa602"
            },
            "dist": {
                "type": "zip",
                "url": "https://api.github.com/repos/twigphp/Twig/zipball/e8e6575abf6102af53ec283f7f14b89e304fa602",
                "reference": "e8e6575abf6102af53ec283f7f14b89e304fa602",
                "shasum": ""
            },
            "require": {
                "php": ">=5.2.7"
            },
            "type": "library",
            "extra": {
                "branch-alias": {
                    "dev-master": "1.18-dev"
                }
            },
            "autoload": {
                "psr-0": {
                    "Twig_": "lib/"
                }
            },
            "notification-url": "https://packagist.org/downloads/",
            "license": [
                "BSD-3-Clause"
            ],
            "authors": [
                {
                    "name": "Fabien Potencier",
                    "email": "fabien@symfony.com",
                    "homepage": "http://fabien.potencier.org",
                    "role": "Lead Developer"
                },
                {
                    "name": "Armin Ronacher",
                    "email": "armin.ronacher@active-4.com",
                    "role": "Project Founder"
                },
                {
                    "name": "Twig Team",
                    "homepage": "http://twig.sensiolabs.org/contributors",
                    "role": "Contributors"
                }
            ],
            "description": "Twig, the flexible, fast, and secure template language for PHP",
            "homepage": "http://twig.sensiolabs.org",
            "keywords": [
                "templating"
            ],
            "time": "2015-06-06 23:31:24"
        }
    ],
    "packages-dev": null,
    "aliases": [],
    "minimum-stability": "stable",
    "stability-flags": [],
    "prefer-stable": false,
    "prefer-lowest": false,
    "platform": {
        "php": ">=5.3.9"
    },
    "platform-dev": []
}
